
Microsoft Visual Studio Solution File, Format Version 12.00
# Visual Studio 15
VisualStudioVersion = 15.0.28307.168
MinimumVisualStudioVersion = 10.0.40219.1
Project("{FAE04EC0-301F-11D3-BF4B-00C04F79EFBC}") = "LandscapeBuilderGUI", "LandscapeBuilderGUI\LandscapeBuilderGUI.csproj", "{57EFB876-EA6B-460A-BDAB-D6DD739542E6}"
EndProject
Project("{9A19103F-16F7-4668-BE54-9A1E7A4F7556}") = "LandscapeBuilder", "LandscapeBuilder\LandscapeBuilder.csproj", "{D5D25541-1DCD-4A75-AE88-C97814E81666}"
EndProject
Project("{9A19103F-16F7-4668-BE54-9A1E7A4F7556}") = "LandscapeBuilderLib", "LandscapeBuilderLib\LandscapeBuilderLib.csproj", "{8F78676E-5166-4F27-9935-E1F2E62A3FD2}"
EndProject
Global
	GlobalSection(SolutionConfigurationPlatforms) = preSolution
		Debug|Any CPU = Debug|Any CPU
		Debug|x64 = Debug|x64
		Release|Any CPU = Release|Any CPU
		Release|x64 = Release|x64
	EndGlobalSection
	GlobalSection(ProjectConfigurationPlatforms) = postSolution
		{57EFB876-EA6B-460A-BDAB-D6DD739542E6}.Debug|Any CPU.ActiveCfg = Debug|Any CPU
		{57EFB876-EA6B-460A-BDAB-D6DD739542E6}.Debug|Any CPU.Build.0 = Debug|Any CPU
		{57EFB876-EA6B-460A-BDAB-D6DD739542E6}.Debug|x64.ActiveCfg = Debug|x64
		{57EFB876-EA6B-460A-BDAB-D6DD739542E6}.Debug|x64.Build.0 = Debug|x64
		{57EFB876-EA6B-460A-BDAB-D6DD739542E6}.Release|Any CPU.ActiveCfg = Release|Any CPU
		{57EFB876-EA6B-460A-BDAB-D6DD739542E6}.Release|Any CPU.Build.0 = Release|Any CPU
		{57EFB876-EA6B-460A-BDAB-D6DD739542E6}.Release|x64.ActiveCfg = Release|x64
		{57EFB876-EA6B-460A-BDAB-D6DD739542E6}.Release|x64.Build.0 = Release|x64
		{D5D25541-1DCD-4A75-AE88-C97814E81666}.Debug|Any CPU.ActiveCfg = Debug|Any CPU
		{D5D25541-1DCD-4A75-AE88-C97814E81666}.Debug|Any CPU.Build.0 = Debug|Any CPU
		{D5D25541-1DCD-4A75-AE88-C97814E81666}.Debug|x64.ActiveCfg = Debug|x64
		{D5D25541-1DCD-4A75-AE88-C97814E81666}.Debug|x64.Build.0 = Debug|x64
		{D5D25541-1DCD-4A75-AE88-C97814E81666}.Release|Any CPU.ActiveCfg = Release|Any CPU
		{D5D25541-1DCD-4A75-AE88-C97814E81666}.Release|Any CPU.Build.0 = Release|Any CPU
		{D5D25541-1DCD-4A75-AE88-C97814E81666}.Release|x64.ActiveCfg = Release|x64
		{D5D25541-1DCD-4A75-AE88-C97814E81666}.Release|x64.Build.0 = Release|x64
		{8F78676E-5166-4F27-9935-E1F2E62A3FD2}.Debug|Any CPU.ActiveCfg = Debug|Any CPU
		{8F78676E-5166-4F27-9935-E1F2E62A3FD2}.Debug|Any CPU.Build.0 = Debug|Any CPU
		{8F78676E-5166-4F27-9935-E1F2E62A3FD2}.Debug|x64.ActiveCfg = Debug|x64
		{8F78676E-5166-4F27-9935-E1F2E62A3FD2}.Debug|x64.Build.0 = Debug|x64
		{8F78676E-5166-4F27-9935-E1F2E62A3FD2}.Release|Any CPU.ActiveCfg = Release|Any CPU
		{8F78676E-5166-4F27-9935-E1F2E62A3FD2}.Release|Any CPU.Build.0 = Release|Any CPU
		{8F78676E-5166-4F27-9935-E1F2E62A3FD2}.Release|x64.ActiveCfg = Release|x64
		{8F78676E-5166-4F27-9935-E1F2E62A3FD2}.Release|x64.Build.0 = Release|x64
	EndGlobalSection
	GlobalSection(SolutionProperties) = preSolution
		HideSolutionNode = FALSE
	EndGlobalSection
	GlobalSection(ExtensibilityGlobals) = postSolution
		SolutionGuid = {FD7413B9-3032-467A-B437-9FC9575DA312}
	EndGlobalSection
EndGlobal
